{
  "version": 4,
  "terraform_version": "1.14.5",
  "serial": 5,
  "lineage": "58c2e65a-3f0d-a40d-fc75-1244b80095b1",
  "outputs": {},
  "resources": [
    {
      "mode": "managed",
      "type": "digitalocean_droplet",
      "name": "deply_server",
      "provider": "provider[\"registry.terraform.io/digitalocean/digitalocean\"]",
      "instances": [
        {
          "schema_version": 1,
          "attributes": {
            "backup_policy": [],
            "backups": false,
            "created_at": "2026-04-03T11:35:15Z",
            "disk": 35,
            "droplet_agent": null,
            "graceful_shutdown": null,
            "id": "562688548",
            "image": "ubuntu-24-04-x64",
            "ipv4_address": "192.34.60.192",
            "ipv4_address_private": "10.116.0.3",
            "ipv6": false,
            "ipv6_address": "",
            "locked": false,
            "memory": 1024,
            "monitoring": false,
            "name": "deply-server",
            "price_hourly": 0.0119,
            "price_monthly": 8,
            "private_networking": true,
            "region": "nyc1",
            "resize_disk": true,
            "size": "s-1vcpu-1gb-35gb-intel",
            "ssh_keys": null,
            "status": "active",
            "tags": [],
            "timeouts": null,
            "urn": "do:droplet:562688548",
            "user_data": null,
            "vcpus": 1,
            "volume_ids": [],
            "vpc_uuid": "5abf887a-ba3d-4a38-823d-ef7382a4d85d"
          },
          "sensitive_attributes": [],
          "identity_schema_version": 0,
          "private": "eyJlMmJmYjczMC1lY2FhLTExZTYtOGY4OC0zNDM2M2JjN2M0YzAiOnsiY3JlYXRlIjozNjAwMDAwMDAwMDAwLCJkZWxldGUiOjYwMDAwMDAwMDAwLCJ1cGRhdGUiOjM2MDAwMDAwMDAwMDB9LCJzY2hlbWFfdmVyc2lvbiI6IjEifQ=="
        }
      ]
    },
    {
      "mode": "managed",
      "type": "digitalocean_droplet",
      "name": "first_server",
      "provider": "provider[\"registry.terraform.io/digitalocean/digitalocean\"]",
      "instances": [
        {
          "schema_version": 1,
          "attributes": {
            "backup_policy": [],
            "backups": false,
            "created_at": "2026-04-03T09:26:19Z",
            "disk": 35,
            "droplet_agent": null,
            "graceful_shutdown": null,
            "id": "562668860",
            "image": "ubuntu-24-04-x64",
            "ipv4_address": "67.205.175.197",
            "ipv4_address_private": "10.116.0.2",
            "ipv6": false,
            "ipv6_address": "",
            "locked": false,
            "memory": 1024,
            "monitoring": false,
            "name": "first-server",
            "price_hourly": 0.0119,
            "price_monthly": 8,
            "private_networking": true,
            "region": "nyc1",
            "resize_disk": true,
            "size": "s-1vcpu-1gb-35gb-intel",
            "ssh_keys": null,
            "status": "active",
            "tags": [],
            "timeouts": null,
            "urn": "do:droplet:562668860",
            "user_data": null,
            "vcpus": 1,
            "volume_ids": [],
            "vpc_uuid": "5abf887a-ba3d-4a38-823d-ef7382a4d85d"
          },
          "sensitive_attributes": [],
          "identity_schema_version": 0,
          "private": "eyJlMmJmYjczMC1lY2FhLTExZTYtOGY4OC0zNDM2M2JjN2M0YzAiOnsiY3JlYXRlIjozNjAwMDAwMDAwMDAwLCJkZWxldGUiOjYwMDAwMDAwMDAwLCJ1cGRhdGUiOjM2MDAwMDAwMDAwMDB9LCJzY2hlbWFfdmVyc2lvbiI6IjEifQ=="
        }
      ]
    }
  ],
  "check_results": null
}
